github.com/duhnnie/godash v0.2.0 h1:Y46L3Yx1GehkU9ayFErr+KPnDpSl4uZ5TBw8JCTGdP0=
github.com/duhnnie/godash v0.2.0/go.mod h1:ULd3l4MWlAqnBA/w16RcGY4GApyzQMtopiGmGHecdpE=
github.com/duhnnie/valuebox v0.1.2 h1:+T/ldkhtv3aMI7i6cnKEKi5mY0UHL9G2MLu8gEq53/M=
github.com/duhnnie/valuebox v0.1.2/go.mod h1:VCAs9004TeHWRfEPfA+5Wt20vGp5girlAK8B2NFV3mI=
